{
  "name": "ui5-b2b-calculator",
  "version": "1.0.0",
  "lockfileVersion": 1,
  "requires": true,
  "dependencies": {
    "@openui5/sap.m": {
      "version": "1.74.0",
      "resolved": "https://registry.npmjs.org/@openui5/sap.m/-/sap.m-1.74.0.tgz",
      "integrity": "sha512-UG2X1zfmh/hEu8W6jTOeAMUORbNlIiJq5VMGPVEPAqo5tQS1QMEcd7MD+lMNuH2btvFO3UNtG/8LNR75k0b79Q==",
      "requires": {
        "@openui5/sap.ui.core": "1.74.0",
        "@openui5/sap.ui.layout": "1.74.0",
        "@openui5/sap.ui.unified": "1.74.0"
      }
    },
    "@openui5/sap.ui.commons": {
      "version": "1.74.0",
      "resolved": "https://registry.npmjs.org/@openui5/sap.ui.commons/-/sap.ui.commons-1.74.0.tgz",
      "integrity": "sha512-dqZqxTYJ9It71GcMkZ1XJW1JrGiUsrCbjfZl/4PseiUoHgHRNL7sxr/vy+knLEakda4nwsicPDkg0qWCUTa58g==",
      "requires": {
        "@openui5/sap.ui.core": "1.74.0",
        "@openui5/sap.ui.layout": "1.74.0",
        "@openui5/sap.ui.unified": "1.74.0"
      }
    },
    "@openui5/sap.ui.core": {
      "version": "1.74.0",
      "resolved": "https://registry.npmjs.org/@openui5/sap.ui.core/-/sap.ui.core-1.74.0.tgz",
      "integrity": "sha512-r3RUCNq8ocPisecvsV0qby51ZrqrqAggGswYDwImBHrRXjt/zk6/y7Jew7ncMf8mBlCJ/8J/7/HL+2CJZXE4KA=="
    },
    "@openui5/sap.ui.layout": {
      "version": "1.74.0",
      "resolved": "https://registry.npmjs.org/@openui5/sap.ui.layout/-/sap.ui.layout-1.74.0.tgz",
      "integrity": "sha512-esqD0jUud7zkUSiJEnWJH0uJrZLIlvY7lkj9NGRI6tKFH8A0trAxAhUUaQgJ1RTth9McNLKVR4zYW0f+DTASlA==",
      "requires": {
        "@openui5/sap.ui.core": "1.74.0"
      }
    },
    "@openui5/sap.ui.unified": {
      "version": "1.74.0",
      "resolved": "https://registry.npmjs.org/@openui5/sap.ui.unified/-/sap.ui.unified-1.74.0.tgz",
      "integrity": "sha512-Vng+1AMC7zzq8Dpe/ct5mSZ+5KS2IahG3+sN5qVkdyOKoxe7UZ+uP4DYX3szPFJwKE0PlcCLnP+wkVbaVt2JFw==",
      "requires": {
        "@openui5/sap.ui.core": "1.74.0"
      }
    },
    "@openui5/themelib_sap_belize": {
      "version": "1.74.0",
      "resolved": "https://registry.npmjs.org/@openui5/themelib_sap_belize/-/themelib_sap_belize-1.74.0.tgz",
      "integrity": "sha512-p0lRPbq4qCRMJzaryrIG8xjWwy54kovp/pLChSoU3MVi8KfsYX/UVy2ZEGlbKBPt3jI5SLq3tvFZLb0HkJ8b4A=="
    }
  }
}
